
Microsoft Visual Studio Solution File, Format Version 12.00
# Visual Studio 15
VisualStudioVersion = 15.0.28010.2016
MinimumVisualStudioVersion = 10.0.40219.1
Project("{888888A0-9F3D-457C-B088-3A5042F75D52}") = "goupu", "goupu\goupu.pyproj", "{041A92F3-7A97-40C9-A58B-C69DFE3DAF8B}"
EndProject
Global
	GlobalSection(SolutionConfigurationPlatforms) = preSolution
		Debug|Any CPU = Debug|Any CPU
		Release|Any CPU = Release|Any CPU
	EndGlobalSection
	GlobalSection(ProjectConfigurationPlatforms) = postSolution
		{041A92F3-7A97-40C9-A58B-C69DFE3DAF8B}.Debug|Any CPU.ActiveCfg = Debug|Any CPU
		{041A92F3-7A97-40C9-A58B-C69DFE3DAF8B}.Release|Any CPU.ActiveCfg = Release|Any CPU
	EndGlobalSection
	GlobalSection(SolutionProperties) = preSolution
		HideSolutionNode = FALSE
	EndGlobalSection
	GlobalSection(ExtensibilityGlobals) = postSolution
		SolutionGuid = {A219B0F6-EBEB-4FEF-B8FD-5D3A3403AC30}
	EndGlobalSection
EndGlobal
